
Microsoft Visual Studio Solution File, Format Version 12.00
# Visual Studio Version 16
VisualStudioVersion = 16.0.29424.173
MinimumVisualStudioVersion = 10.0.40219.1
Project("{FAE04EC0-301F-11D3-BF4B-00C04F79EFBC}") = "TestPizza", "TestPizza\TestPizza.csproj", "{431E2842-3299-464C-8F79-41A2DE4E75CB}"
EndProject
Project("{FAE04EC0-301F-11D3-BF4B-00C04F79EFBC}") = "DisplayHousePlants", "DisplayHousePlants\DisplayHousePlants.csproj", "{640BED5E-C4FC-4C5E-8808-C7E31481A17F}"
EndProject
Project("{FAE04EC0-301F-11D3-BF4B-00C04F79EFBC}") = "TestCircles", "TestCircles\TestCircles.csproj", "{45ABF2BB-81BD-462E-9916-DC0C7A835B42}"
EndProject
Project("{FAE04EC0-301F-11D3-BF4B-00C04F79EFBC}") = "DemoScouts", "DemoScouts\DemoScouts.csproj", "{C6C41459-7079-4622-BECE-F8745798917D}"
EndProject
Global
	GlobalSection(SolutionConfigurationPlatforms) = preSolution
		Debug|Any CPU = Debug|Any CPU
		Release|Any CPU = Release|Any CPU
	EndGlobalSection
	GlobalSection(ProjectConfigurationPlatforms) = postSolution
		{431E2842-3299-464C-8F79-41A2DE4E75CB}.Debug|Any CPU.ActiveCfg = Debug|Any CPU
		{431E2842-3299-464C-8F79-41A2DE4E75CB}.Debug|Any CPU.Build.0 = Debug|Any CPU
		{431E2842-3299-464C-8F79-41A2DE4E75CB}.Release|Any CPU.ActiveCfg = Release|Any CPU
		{431E2842-3299-464C-8F79-41A2DE4E75CB}.Release|Any CPU.Build.0 = Release|Any CPU
		{640BED5E-C4FC-4C5E-8808-C7E31481A17F}.Debug|Any CPU.ActiveCfg = Debug|Any CPU
		{640BED5E-C4FC-4C5E-8808-C7E31481A17F}.Debug|Any CPU.Build.0 = Debug|Any CPU
		{640BED5E-C4FC-4C5E-8808-C7E31481A17F}.Release|Any CPU.ActiveCfg = Release|Any CPU
		{640BED5E-C4FC-4C5E-8808-C7E31481A17F}.Release|Any CPU.Build.0 = Release|Any CPU
		{45ABF2BB-81BD-462E-9916-DC0C7A835B42}.Debug|Any CPU.ActiveCfg = Debug|Any CPU
		{45ABF2BB-81BD-462E-9916-DC0C7A835B42}.Debug|Any CPU.Build.0 = Debug|Any CPU
		{45ABF2BB-81BD-462E-9916-DC0C7A835B42}.Release|Any CPU.ActiveCfg = Release|Any CPU
		{45ABF2BB-81BD-462E-9916-DC0C7A835B42}.Release|Any CPU.Build.0 = Release|Any CPU
		{C6C41459-7079-4622-BECE-F8745798917D}.Debug|Any CPU.ActiveCfg = Debug|Any CPU
		{C6C41459-7079-4622-BECE-F8745798917D}.Debug|Any CPU.Build.0 = Debug|Any CPU
		{C6C41459-7079-4622-BECE-F8745798917D}.Release|Any CPU.ActiveCfg = Release|Any CPU
		{C6C41459-7079-4622-BECE-F8745798917D}.Release|Any CPU.Build.0 = Release|Any CPU
	EndGlobalSection
	GlobalSection(SolutionProperties) = preSolution
		HideSolutionNode = FALSE
	EndGlobalSection
	GlobalSection(ExtensibilityGlobals) = postSolution
		SolutionGuid = {1E24F9E4-8F8B-4948-8F19-6FA82835F4E6}
	EndGlobalSection
EndGlobal
