
Microsoft Visual Studio Solution File, Format Version 12.00
# Visual Studio Version 16
VisualStudioVersion = 16.0.29424.173
MinimumVisualStudioVersion = 10.0.40219.1
Project("{FAE04EC0-301F-11D3-BF4B-00C04F79EFBC}") = "Q1", "Q1\Q1.csproj", "{EFB7286A-AE73-4672-957B-09874FF9831A}"
EndProject
Project("{FAE04EC0-301F-11D3-BF4B-00C04F79EFBC}") = "Q2", "Q2\Q2.csproj", "{ABCF6FFE-3692-47F9-9A9D-AEC293BB1C1E}"
EndProject
Global
	GlobalSection(SolutionConfigurationPlatforms) = preSolution
		Debug|Any CPU = Debug|Any CPU
		Release|Any CPU = Release|Any CPU
	EndGlobalSection
	GlobalSection(ProjectConfigurationPlatforms) = postSolution
		{EFB7286A-AE73-4672-957B-09874FF9831A}.Debug|Any CPU.ActiveCfg = Debug|Any CPU
		{EFB7286A-AE73-4672-957B-09874FF9831A}.Debug|Any CPU.Build.0 = Debug|Any CPU
		{EFB7286A-AE73-4672-957B-09874FF9831A}.Release|Any CPU.ActiveCfg = Release|Any CPU
		{EFB7286A-AE73-4672-957B-09874FF9831A}.Release|Any CPU.Build.0 = Release|Any CPU
		{ABCF6FFE-3692-47F9-9A9D-AEC293BB1C1E}.Debug|Any CPU.ActiveCfg = Debug|Any CPU
		{ABCF6FFE-3692-47F9-9A9D-AEC293BB1C1E}.Debug|Any CPU.Build.0 = Debug|Any CPU
		{ABCF6FFE-3692-47F9-9A9D-AEC293BB1C1E}.Release|Any CPU.ActiveCfg = Release|Any CPU
		{ABCF6FFE-3692-47F9-9A9D-AEC293BB1C1E}.Release|Any CPU.Build.0 = Release|Any CPU
	EndGlobalSection
	GlobalSection(SolutionProperties) = preSolution
		HideSolutionNode = FALSE
	EndGlobalSection
	GlobalSection(ExtensibilityGlobals) = postSolution
		SolutionGuid = {741BD1E3-51C4-4EBD-B1A0-464925104E24}
	EndGlobalSection
EndGlobal
