
Microsoft Visual Studio Solution File, Format Version 12.00
# Visual Studio Version 16
VisualStudioVersion = 16.0.29424.173
MinimumVisualStudioVersion = 10.0.40219.1
Project("{FAE04EC0-301F-11D3-BF4B-00C04F79EFBC}") = "RecoveringDemo", "RecoveringDemo\RecoveringDemo.csproj", "{21AD742D-1CBA-449F-A855-E790550DF83E}"
EndProject
Global
	GlobalSection(SolutionConfigurationPlatforms) = preSolution
		Debug|Any CPU = Debug|Any CPU
		Release|Any CPU = Release|Any CPU
	EndGlobalSection
	GlobalSection(ProjectConfigurationPlatforms) = postSolution
		{21AD742D-1CBA-449F-A855-E790550DF83E}.Debug|Any CPU.ActiveCfg = Debug|Any CPU
		{21AD742D-1CBA-449F-A855-E790550DF83E}.Debug|Any CPU.Build.0 = Debug|Any CPU
		{21AD742D-1CBA-449F-A855-E790550DF83E}.Release|Any CPU.ActiveCfg = Release|Any CPU
		{21AD742D-1CBA-449F-A855-E790550DF83E}.Release|Any CPU.Build.0 = Release|Any CPU
	EndGlobalSection
	GlobalSection(SolutionProperties) = preSolution
		HideSolutionNode = FALSE
	EndGlobalSection
	GlobalSection(ExtensibilityGlobals) = postSolution
		SolutionGuid = {A5B53B08-696B-4F9A-9E3F-22C13B11B1C5}
	EndGlobalSection
EndGlobal
