
Microsoft Visual Studio Solution File, Format Version 12.00
# Visual Studio Version 16
VisualStudioVersion = 16.0.29424.173
MinimumVisualStudioVersion = 10.0.40219.1
Project("{FAE04EC0-301F-11D3-BF4B-00C04F79EFBC}") = "PhotoDemo", "PhotoDemo\PhotoDemo.csproj", "{AE465071-6CE4-49A8-8BBA-6811119C96E3}"
EndProject
Global
	GlobalSection(SolutionConfigurationPlatforms) = preSolution
		Debug|Any CPU = Debug|Any CPU
		Release|Any CPU = Release|Any CPU
	EndGlobalSection
	GlobalSection(ProjectConfigurationPlatforms) = postSolution
		{AE465071-6CE4-49A8-8BBA-6811119C96E3}.Debug|Any CPU.ActiveCfg = Debug|Any CPU
		{AE465071-6CE4-49A8-8BBA-6811119C96E3}.Debug|Any CPU.Build.0 = Debug|Any CPU
		{AE465071-6CE4-49A8-8BBA-6811119C96E3}.Release|Any CPU.ActiveCfg = Release|Any CPU
		{AE465071-6CE4-49A8-8BBA-6811119C96E3}.Release|Any CPU.Build.0 = Release|Any CPU
	EndGlobalSection
	GlobalSection(SolutionProperties) = preSolution
		HideSolutionNode = FALSE
	EndGlobalSection
	GlobalSection(ExtensibilityGlobals) = postSolution
		SolutionGuid = {891F473C-C77E-40AA-BAFF-909F6925BB51}
	EndGlobalSection
EndGlobal
